hash: 0b75b4137defdf20e2be91a45fa47b939d3e6de71e0ee3916ab06f158605ac24
updated: 2018-02-15T16:04:13.240008-05:00
imports:
- name: github.com/dgrijalva/jwt-go
  version: dbeaa9332f19a944acb5736b4456cfcc02140e29
- name: github.com/golang/protobuf
  version: bbd03ef6da3a115852eaf24c8a1c46aeb39aa175
  subpackages:
  - proto
- name: github.com/pborman/uuid
  version: c65b2f87fee37d1c7854c9164a450713c28d50cd
- name: github.com/RangelReale/osin
  version: 92fc3c3539125bddc695a988974243479d82f8b4
  subpackages:
  - example
- name: github.com/RangelReale/osincli
  version: fababb0555f21315d1a34af6615a16eaab44396b
- name: github.com/satori/go.uuid
  version: 879c5887cd475cd7864858769793b2ceb0d44feb
- name: golang.org/x/crypto
  version: 650f4a345ab4e5b245a3034b110ebc7299e68186
  subpackages:
  - ed25519
  - ed25519/internal/edwards25519
- name: golang.org/x/net
  version: f5dfe339be1d06f81b22525fe34671ee7d2c8904
  subpackages:
  - context
  - context/ctxhttp
- name: golang.org/x/oauth2
  version: 543e37812f10c46c622c9575afd7ad22f22a12ba
  subpackages:
  - internal
- name: google.golang.org/appengine
  version: 5bee14b453b4c71be47ec1781b0fa61c2ea182db
  subpackages:
  - internal
  - internal/base
  - internal/datastore
  - internal/log
  - internal/remote_api
  - internal/urlfetch
  - urlfetch
- name: gopkg.in/square/go-jose.v1
  version: f8f38de21b4dcd69d0413faf231983f5fd6634b1
- name: gopkg.in/square/go-jose.v2
  version: f8f38de21b4dcd69d0413faf231983f5fd6634b1
  subpackages:
  - cipher
  - json
testImports: []
